
Microsoft Visual Studio Solution File, Format Version 12.00
# Visual Studio Version 17
VisualStudioVersion = 17.4.33205.214
MinimumVisualStudioVersion = 10.0.40219.1
Project("{9A19103F-16F7-4668-BE54-9A1E7A4F7556}") = "ComputerExam", "ComputerExam\ComputerExam.csproj", "{1730675C-EAD0-4BEA-A79E-845EE4CEACD6}"
EndProject
Project("{9A19103F-16F7-4668-BE54-9A1E7A4F7556}") = "DSUContextDBService", "DSUContextDBService\DSUContextDBService.csproj", "{E7B8D76B-B903-4447-B7B9-973D02D55B58}"
EndProject
Project("{FAE04EC0-301F-11D3-BF4B-00C04F79EFBC}") = "DomainService", "DomainService\DomainService.csproj", "{94552D80-C281-4933-8902-19997DC3B480}"
EndProject
Project("{FAE04EC0-301F-11D3-BF4B-00C04F79EFBC}") = "Infrastructure", "Infrastructure\Infrastructure.csproj", "{3AF8959B-F787-4199-BD11-00AF962A6668}"
EndProject
Global
	GlobalSection(SolutionConfigurationPlatforms) = preSolution
		Debug|Any CPU = Debug|Any CPU
		Release|Any CPU = Release|Any CPU
	EndGlobalSection
	GlobalSection(ProjectConfigurationPlatforms) = postSolution
		{1730675C-EAD0-4BEA-A79E-845EE4CEACD6}.Debug|Any CPU.ActiveCfg = Debug|Any CPU
		{1730675C-EAD0-4BEA-A79E-845EE4CEACD6}.Debug|Any CPU.Build.0 = Debug|Any CPU
		{1730675C-EAD0-4BEA-A79E-845EE4CEACD6}.Release|Any CPU.ActiveCfg = Release|Any CPU
		{1730675C-EAD0-4BEA-A79E-845EE4CEACD6}.Release|Any CPU.Build.0 = Release|Any CPU
		{E7B8D76B-B903-4447-B7B9-973D02D55B58}.Debug|Any CPU.ActiveCfg = Debug|Any CPU
		{E7B8D76B-B903-4447-B7B9-973D02D55B58}.Debug|Any CPU.Build.0 = Debug|Any CPU
		{E7B8D76B-B903-4447-B7B9-973D02D55B58}.Release|Any CPU.ActiveCfg = Release|Any CPU
		{E7B8D76B-B903-4447-B7B9-973D02D55B58}.Release|Any CPU.Build.0 = Release|Any CPU
		{94552D80-C281-4933-8902-19997DC3B480}.Debug|Any CPU.ActiveCfg = Debug|Any CPU
		{94552D80-C281-4933-8902-19997DC3B480}.Debug|Any CPU.Build.0 = Debug|Any CPU
		{94552D80-C281-4933-8902-19997DC3B480}.Release|Any CPU.ActiveCfg = Release|Any CPU
		{94552D80-C281-4933-8902-19997DC3B480}.Release|Any CPU.Build.0 = Release|Any CPU
		{3AF8959B-F787-4199-BD11-00AF962A6668}.Debug|Any CPU.ActiveCfg = Debug|Any CPU
		{3AF8959B-F787-4199-BD11-00AF962A6668}.Debug|Any CPU.Build.0 = Debug|Any CPU
		{3AF8959B-F787-4199-BD11-00AF962A6668}.Release|Any CPU.ActiveCfg = Release|Any CPU
		{3AF8959B-F787-4199-BD11-00AF962A6668}.Release|Any CPU.Build.0 = Release|Any CPU
	EndGlobalSection
	GlobalSection(SolutionProperties) = preSolution
		HideSolutionNode = FALSE
	EndGlobalSection
	GlobalSection(ExtensibilityGlobals) = postSolution
		SolutionGuid = {B57F0B90-89D1-4CFD-8A37-BCD23C815BE4}
	EndGlobalSection
EndGlobal
